// !$*UTF8*$!
{
	archiveVersion = 1;
	classes = {
	};
	objectVersion = 46;
	objects = {

/* Begin PBXBuildFile section */
		209DD24E46201A2A8BDDC765 /* Settings.bundle in Resources */ = {isa = PBXBuildFile; fileRef = 5F8752A14A21CC7EA97D62C0 /* Settings.bundle */; };
		3ECEAEE9E48387D18D1B32D1 /* Images.xcassets in Resources */ = {isa = PBXBuildFile; fileRef = 2B40341E5E1AE0245E1C4828 /* Images.xcassets */; };
		46E8E3B82131F00AA30D0FE2 /* LaunchScreen.xib in Sources */ = {isa = PBXBuildFile; fileRef = DC604816E344D4B065332767 /* LaunchScreen.xib */; };
		7B096411110DD48916225031 /* Main.storyboard in Sources */ = {isa = PBXBuildFile; fileRef = 1BBDC24A691DE2F227A2FDDF /* Main.storyboard */; };
		9275D6F980CC168D5078637E /* AppDelegate.swift in Sources */ = {isa = PBXBuildFile; fileRef = B6C43D04A909E370F66380C6 /* AppDelegate.swift */; };
		E7454EED31B302C7DC5AADAE /* Foundation.framework in Frameworks */ = {isa = PBXBuildFile; fileRef = A87A4F3C19437806C2D37164 /* Foundation.framework */; };
/* End PBXBuildFile section */

/* Begin PBXContainerItemProxy section */
		7A6D2986E9F2F512EFE4B13F /* PBXContainerItemProxy */ = {
			isa = PBXContainerItemProxy;
			containerPortal = 97CB879363D0F8E1FAA85AA9 /* Project object */;
			proxyType = 1;
			remoteGlobalIDString = 8AB266D8770E3B61896EB022;
			remoteInfo = "formkeep-ios";
		};
/* End PBXContainerItemProxy section */

/* Begin PBXFileReference section */
		1BBDC24A691DE2F227A2FDDF /* Main.storyboard */ = {isa = PBXFileReference; includeInIndex = 1; lastKnownFileType = file.storyboard; path = Main.storyboard; sourceTree = "<group>"; };
		2B40341E5E1AE0245E1C4828 /* Images.xcassets */ = {isa = PBXFileReference; includeInIndex = 1; lastKnownFileType = folder.assetcatalog; path = Images.xcassets; sourceTree = "<group>"; };
		506B783C8F0537CA32BCD21A /* UnitTests-Info.plist */ = {isa = PBXFileReference; includeInIndex = 1; lastKnownFileType = text.plist.xml; path = "UnitTests-Info.plist"; sourceTree = "<group>"; };
		5B4A1EFE3EC878B31E78C792 /* Info.plist */ = {isa = PBXFileReference; includeInIndex = 1; lastKnownFileType = text.plist.xml; path = Info.plist; sourceTree = "<group>"; };
		5F8752A14A21CC7EA97D62C0 /* Settings.bundle */ = {isa = PBXFileReference; includeInIndex = 1; lastKnownFileType = "wrapper.plug-in"; path = Settings.bundle; sourceTree = "<group>"; };
		A85870BA4B5D92645158550B /* UnitTests.xctest */ = {isa = PBXFileReference; explicitFileType = wrapper.cfbundle; includeInIndex = 0; path = UnitTests.xctest; sourceTree = BUILT_PRODUCTS_DIR; };
		A87A4F3C19437806C2D37164 /* Foundation.framework */ = {isa = PBXFileReference; lastKnownFileType = wrapper.framework; name = Foundation.framework; path = Platforms/iPhoneOS.platform/Developer/SDKs/iPhoneOS7.1.sdk/System/Library/Frameworks/Foundation.framework; sourceTree = DEVELOPER_DIR; };
		B6C43D04A909E370F66380C6 /* AppDelegate.swift */ = {isa = PBXFileReference; includeInIndex = 1; lastKnownFileType = sourcecode.swift; path = AppDelegate.swift; sourceTree = "<group>"; };
		D944159FA29383BFA80CB42B /* formkeep-ios.app */ = {isa = PBXFileReference; explicitFileType = wrapper.application; includeInIndex = 0; path = "formkeep-ios.app"; sourceTree = BUILT_PRODUCTS_DIR; };
		DC604816E344D4B065332767 /* LaunchScreen.xib */ = {isa = PBXFileReference; includeInIndex = 1; lastKnownFileType = file.xib; path = LaunchScreen.xib; sourceTree = "<group>"; };
/* End PBXFileReference section */

/* Begin PBXFrameworksBuildPhase section */
		63506C9C5877039E92FE72CF /* Frameworks */ = {
			isa = PBXFrameworksBuildPhase;
			buildActionMask = 2147483647;
			files = (
				E7454EED31B302C7DC5AADAE /* Foundation.framework in Frameworks */,
			);
			runOnlyForDeploymentPostprocessing = 0;
		};
		E22810917634027F3FA87DEF /* Frameworks */ = {
			isa = PBXFrameworksBuildPhase;
			buildActionMask = 2147483647;
			files = (
			);
			runOnlyForDeploymentPostprocessing = 0;
		};
/* End PBXFrameworksBuildPhase section */

/* Begin PBXGroup section */
		225775CE4436ABADC2857DC0 /* iOS */ = {
			isa = PBXGroup;
			children = (
				A87A4F3C19437806C2D37164 /* Foundation.framework */,
			);
			name = iOS;
			sourceTree = "<group>";
		};
		2AA8CD8299F00FFE34660ADD /* Controllers */ = {
			isa = PBXGroup;
			children = (
				B6C43D04A909E370F66380C6 /* AppDelegate.swift */,
			);
			path = Controllers;
			sourceTree = "<group>";
		};
		53087F97FD2E7D4FD3DEF633 /* ViewModels */ = {
			isa = PBXGroup;
			children = (
			);
			path = ViewModels;
			sourceTree = "<group>";
		};
		59250BDE165AEC34C2E64455 /* Other-Sources */ = {
			isa = PBXGroup;
			children = (
				5B4A1EFE3EC878B31E78C792 /* Info.plist */,
			);
			path = "Other-Sources";
			sourceTree = "<group>";
		};
		6022EEF539F81AC2625816B3 /* Frameworks */ = {
			isa = PBXGroup;
			children = (
				225775CE4436ABADC2857DC0 /* iOS */,
			);
			name = Frameworks;
			sourceTree = "<group>";
		};
		7B774B7B90E6799456E7C3F0 /* Resources */ = {
			isa = PBXGroup;
			children = (
				506B783C8F0537CA32BCD21A /* UnitTests-Info.plist */,
			);
			path = Resources;
			sourceTree = "<group>";
		};
		7BE8388CE77BA2268458C8AF /* Views */ = {
			isa = PBXGroup;
			children = (
			);
			path = Views;
			sourceTree = "<group>";
		};
		8C352BD432844E0032C11A06 /* Nibs */ = {
			isa = PBXGroup;
			children = (
				DC604816E344D4B065332767 /* LaunchScreen.xib */,
			);
			path = Nibs;
			sourceTree = "<group>";
		};
		8C9E7AF8F506C98B989FBB26 /* Products */ = {
			isa = PBXGroup;
			children = (
				D944159FA29383BFA80CB42B /* formkeep-ios.app */,
				A85870BA4B5D92645158550B /* UnitTests.xctest */,
			);
			name = Products;
			sourceTree = "<group>";
		};
		911EBCC2BC80BD590E2EA24E /* Helpers */ = {
			isa = PBXGroup;
			children = (
			);
			path = Helpers;
			sourceTree = "<group>";
		};
		91E8970247723FF9008BBB33 /* Resources */ = {
			isa = PBXGroup;
			children = (
				2B40341E5E1AE0245E1C4828 /* Images.xcassets */,
				B16157A0C4BD43619D087371 /* Storyboards */,
				8C352BD432844E0032C11A06 /* Nibs */,
				59250BDE165AEC34C2E64455 /* Other-Sources */,
				5F8752A14A21CC7EA97D62C0 /* Settings.bundle */,
			);
			path = Resources;
			sourceTree = "<group>";
		};
		A8280C7CC7B85EC6BE9F2B93 /* formkeep-ios */ = {
			isa = PBXGroup;
			children = (
				E96AD9AA2EE4B1CE29FDDC8E /* Extensions */,
				DFA24F9D6903989482F16285 /* Protocols */,
				FE465B155EFE3553FFBCBE1B /* Models */,
				53087F97FD2E7D4FD3DEF633 /* ViewModels */,
				2AA8CD8299F00FFE34660ADD /* Controllers */,
				7BE8388CE77BA2268458C8AF /* Views */,
				91E8970247723FF9008BBB33 /* Resources */,
			);
			path = "formkeep-ios";
			sourceTree = "<group>";
		};
		B16157A0C4BD43619D087371 /* Storyboards */ = {
			isa = PBXGroup;
			children = (
				1BBDC24A691DE2F227A2FDDF /* Main.storyboard */,
			);
			path = Storyboards;
			sourceTree = "<group>";
		};
		B60C89F7998124EDFB2FF93B /* UnitTests */ = {
			isa = PBXGroup;
			children = (
				7B774B7B90E6799456E7C3F0 /* Resources */,
				911EBCC2BC80BD590E2EA24E /* Helpers */,
				E2489DA6475A2D4DC351F757 /* Tests */,
			);
			path = UnitTests;
			sourceTree = "<group>";
		};
		B94F04DFBEDE0A8DCAED33DB = {
			isa = PBXGroup;
			children = (
				A8280C7CC7B85EC6BE9F2B93 /* formkeep-ios */,
				B60C89F7998124EDFB2FF93B /* UnitTests */,
				6022EEF539F81AC2625816B3 /* Frameworks */,
				8C9E7AF8F506C98B989FBB26 /* Products */,
			);
			indentWidth = 4;
			sourceTree = "<group>";
			tabWidth = 4;
			usesTabs = 0;
		};
		DFA24F9D6903989482F16285 /* Protocols */ = {
			isa = PBXGroup;
			children = (
			);
			path = Protocols;
			sourceTree = "<group>";
		};
		E2489DA6475A2D4DC351F757 /* Tests */ = {
			isa = PBXGroup;
			children = (
			);
			path = Tests;
			sourceTree = "<group>";
		};
		E96AD9AA2EE4B1CE29FDDC8E /* Extensions */ = {
			isa = PBXGroup;
			children = (
			);
			path = Extensions;
			sourceTree = "<group>";
		};
		FE465B155EFE3553FFBCBE1B /* Models */ = {
			isa = PBXGroup;
			children = (
			);
			path = Models;
			sourceTree = "<group>";
		};
/* End PBXGroup section */

/* Begin PBXNativeTarget section */
		8AB266D8770E3B61896EB022 /* formkeep-ios */ = {
			isa = PBXNativeTarget;
			buildConfigurationList = F9E8C9574C179B599D186AFE /* Build configuration list for PBXNativeTarget "formkeep-ios" */;
			buildPhases = (
				BCC328DC5C5C476AE86E644E /* Sources */,
				63506C9C5877039E92FE72CF /* Frameworks */,
				D5539F3A46A6879C7B09719D /* Resources */,
				F595AF01DD7C523D0D170657 /* Warn for TODO and FIXME comments */,
				C41E5EBF897ECA474B6B3BC6 /* Set version number */,
			);
			buildRules = (
			);
			dependencies = (
			);
			name = "formkeep-ios";
			productName = "formkeep-ios";
			productReference = D944159FA29383BFA80CB42B /* formkeep-ios.app */;
			productType = "com.apple.product-type.application";
		};
		F9455D3AA00E63899BB66CFE /* UnitTests */ = {
			isa = PBXNativeTarget;
			buildConfigurationList = 8F35E663535709517DF48186 /* Build configuration list for PBXNativeTarget "UnitTests" */;
			buildPhases = (
				F14173147E7C6A4BA96657EE /* Sources */,
				E22810917634027F3FA87DEF /* Frameworks */,
				24997A2D0DB906816B757C81 /* Resources */,
			);
			buildRules = (
			);
			dependencies = (
				536D61F7C12BA96CD80AF38D /* PBXTargetDependency */,
			);
			name = UnitTests;
			productName = UnitTests;
			productReference = A85870BA4B5D92645158550B /* UnitTests.xctest */;
			productType = "com.apple.product-type.bundle.unit-test";
		};
/* End PBXNativeTarget section */

/* Begin PBXProject section */
		97CB879363D0F8E1FAA85AA9 /* Project object */ = {
			isa = PBXProject;
			attributes = {
				CLASSPREFIX = FK;
				LastUpgradeCheck = 0510;
				ORGANIZATIONNAME = thoughtbot;
			};
			buildConfigurationList = 1089500A114F51F31285430B /* Build configuration list for PBXProject "formkeep-ios" */;
			compatibilityVersion = "Xcode 3.2";
			developmentRegion = English;
			hasScannedForEncodings = 0;
			knownRegions = (
				en,
			);
			mainGroup = B94F04DFBEDE0A8DCAED33DB;
			productRefGroup = 8C9E7AF8F506C98B989FBB26 /* Products */;
			projectDirPath = "";
			projectRoot = "";
			targets = (
				8AB266D8770E3B61896EB022 /* formkeep-ios */,
				F9455D3AA00E63899BB66CFE /* UnitTests */,
			);
		};
/* End PBXProject section */

/* Begin PBXResourcesBuildPhase section */
		24997A2D0DB906816B757C81 /* Resources */ = {
			isa = PBXResourcesBuildPhase;
			buildActionMask = 2147483647;
			files = (
			);
			runOnlyForDeploymentPostprocessing = 0;
		};
		D5539F3A46A6879C7B09719D /* Resources */ = {
			isa = PBXResourcesBuildPhase;
			buildActionMask = 2147483647;
			files = (
				3ECEAEE9E48387D18D1B32D1 /* Images.xcassets in Resources */,
				209DD24E46201A2A8BDDC765 /* Settings.bundle in Resources */,
			);
			runOnlyForDeploymentPostprocessing = 0;
		};
/* End PBXResourcesBuildPhase section */

/* Begin PBXShellScriptBuildPhase section */
		C41E5EBF897ECA474B6B3BC6 /* Set version number */ = {
			isa = PBXShellScriptBuildPhase;
			buildActionMask = 2147483647;
			files = (
			);
			inputPaths = (
			);
			name = "Set version number";
			outputPaths = (
			);
			runOnlyForDeploymentPostprocessing = 0;
			shellPath = /bin/sh;
			shellScript = "git=$(sh /etc/profile; which git)\ngit_release_version=$(\"$git\" describe --tags --always --abbrev=0)\nnumber_of_commits=$(\"$git\" rev-list master | wc -l | tr -d ' ')\ntarget_plist=\"$TARGET_BUILD_DIR/$INFOPLIST_PATH\"\ndsym_plist=\"$DWARF_DSYM_FOLDER_PATH/$DWARF_DSYM_FILE_NAME/Contents/Info.plist\"\n\nfor plist in \"$target_plist\" \"$dsym_plist\"; do\n  if [ -f \"$plist\" ]; then\n    /usr/libexec/PlistBuddy -c \"Set :CFBundleVersion $number_of_commits\" \"$plist\"\n    /usr/libexec/PlistBuddy -c \"Set :CFBundleShortVersionString ${git_release_version#*v}\" \"$plist\"\n  fi\ndone\n";
		};
		F595AF01DD7C523D0D170657 /* Warn for TODO and FIXME comments */ = {
			isa = PBXShellScriptBuildPhase;
			buildActionMask = 2147483647;
			files = (
			);
			inputPaths = (
			);
			name = "Warn for TODO and FIXME comments";
			outputPaths = (
			);
			runOnlyForDeploymentPostprocessing = 0;
			shellPath = /bin/sh;
			shellScript = "KEYWORDS=\"TODO:|FIXME:|\\?\\?\\?:|\\!\\!\\!:\"\nFILE_EXTENSIONS=\"swift|h|m|mm|c|cpp\"\nfind -E \"${SRCROOT}\" -ipath \"${SRCROOT}/pods\" -prune -o \\( -regex \".*\\.($FILE_EXTENSIONS)$\" \\) -print0 | xargs -0 egrep --with-filename --line-number --only-matching \"($KEYWORDS).*\\$\" | perl -p -e \"s/($KEYWORDS)/ warning: \\$1/\"\n";
		};
/* End PBXShellScriptBuildPhase section */

/* Begin PBXSourcesBuildPhase section */
		BCC328DC5C5C476AE86E644E /* Sources */ = {
			isa = PBXSourcesBuildPhase;
			buildActionMask = 2147483647;
			files = (
				9275D6F980CC168D5078637E /* AppDelegate.swift in Sources */,
				7B096411110DD48916225031 /* Main.storyboard in Sources */,
				46E8E3B82131F00AA30D0FE2 /* LaunchScreen.xib in Sources */,
			);
			runOnlyForDeploymentPostprocessing = 0;
		};
		F14173147E7C6A4BA96657EE /* Sources */ = {
			isa = PBXSourcesBuildPhase;
			buildActionMask = 2147483647;
			files = (
			);
			runOnlyForDeploymentPostprocessing = 0;
		};
/* End PBXSourcesBuildPhase section */

/* Begin PBXTargetDependency section */
		536D61F7C12BA96CD80AF38D /* PBXTargetDependency */ = {
			isa = PBXTargetDependency;
			target = 8AB266D8770E3B61896EB022 /* formkeep-ios */;
			targetProxy = 7A6D2986E9F2F512EFE4B13F /* PBXContainerItemProxy */;
		};
/* End PBXTargetDependency section */

/* Begin XCBuildConfiguration section */
		69B931FFC43EFC19083FB8E2 /* Release */ = {
			isa = XCBuildConfiguration;
			buildSettings = {
				BUNDLE_LOADER = "$(BUILT_PRODUCTS_DIR)/formkeep-ios.app/formkeep-ios";
				FRAMEWORK_SEARCH_PATHS = (
					"$(SDKROOT)/Developer/Library/Frameworks",
					"$(inherited)",
					"$(DEVELOPER_FRAMEWORKS_DIR)",
				);
				INFOPLIST_FILE = "UnitTests/Resources/UnitTests-Info.plist";
				PRODUCT_NAME = "$(TARGET_NAME)";
				SDKROOT = iphoneos;
				SKIP_INSTALL = YES;
				TEST_HOST = "$(BUNDLE_LOADER)";
				WRAPPER_EXTENSION = xctest;
			};
			name = Release;
		};
		8F9F0BB7BB7BF6C67E47253C /* Release */ = {
			isa = XCBuildConfiguration;
			buildSettings = {
				ALWAYS_SEARCH_USER_PATHS = NO;
				ASSETCATALOG_COMPILER_APPICON_NAME = AppIcon;
				CLANG_CXX_LANGUAGE_STANDARD = "gnu++0x";
				CLANG_CXX_LIBRARY = "libc++";
				CLANG_ENABLE_MODULES = YES;
				CLANG_ENABLE_OBJC_ARC = YES;
				CLANG_WARN_BOOL_CONVERSION = YES;
				CLANG_WARN_CONSTANT_CONVERSION = YES;
				CLANG_WARN_DEPRECATED_OBJC_IMPLEMENTATIONS = YES;
				CLANG_WARN_DIRECT_OBJC_ISA_USAGE = YES;
				CLANG_WARN_EMPTY_BODY = YES;
				CLANG_WARN_ENUM_CONVERSION = YES;
				CLANG_WARN_IMPLICIT_SIGN_CONVERSION = YES;
				CLANG_WARN_INT_CONVERSION = YES;
				CLANG_WARN_OBJC_IMPLICIT_RETAIN_SELF = YES;
				CLANG_WARN_OBJC_ROOT_CLASS = YES;
				CLANG_WARN_SUSPICIOUS_IMPLICIT_CONVERSION = YES;
				"CODE_SIGN_IDENTITY[sdk=iphoneos*]" = "iPhone Developer";
				COPY_PHASE_STRIP = NO;
				ENABLE_NS_ASSERTIONS = NO;
				GCC_C_LANGUAGE_STANDARD = gnu99;
				GCC_WARN_64_TO_32_BIT_CONVERSION = YES;
				GCC_WARN_ABOUT_DEPRECATED_FUNCTIONS = YES;
				GCC_WARN_ABOUT_MISSING_FIELD_INITIALIZERS = YES;
				GCC_WARN_ABOUT_MISSING_NEWLINE = YES;
				GCC_WARN_ABOUT_RETURN_TYPE = YES;
				GCC_WARN_CHECK_SWITCH_STATEMENTS = YES;
				GCC_WARN_INITIALIZER_NOT_FULLY_BRACKETED = YES;
				GCC_WARN_MISSING_PARENTHESES = YES;
				GCC_WARN_SHADOW = YES;
				GCC_WARN_SIGN_COMPARE = YES;
				GCC_WARN_TYPECHECK_CALLS_TO_PRINTF = YES;
				GCC_WARN_UNDECLARED_SELECTOR = YES;
				GCC_WARN_UNINITIALIZED_AUTOS = YES;
				GCC_WARN_UNUSED_FUNCTION = YES;
				GCC_WARN_UNUSED_LABEL = YES;
				GCC_WARN_UNUSED_VALUE = YES;
				GCC_WARN_UNUSED_VARIABLE = YES;
				IPHONEOS_DEPLOYMENT_TARGET = 8.0;
				RUN_CLANG_STATIC_ANALYZER = YES;
				SDKROOT = iphoneos;
				VALIDATE_PRODUCT = YES;
			};
			name = Release;
		};
		BE08BAABCDC0AF81293AB3FD /* Debug */ = {
			isa = XCBuildConfiguration;
			buildSettings = {
				BUNDLE_LOADER = "$(BUILT_PRODUCTS_DIR)/formkeep-ios.app/formkeep-ios";
				FRAMEWORK_SEARCH_PATHS = (
					"$(SDKROOT)/Developer/Library/Frameworks",
					"$(inherited)",
					"$(DEVELOPER_FRAMEWORKS_DIR)",
				);
				INFOPLIST_FILE = "UnitTests/Resources/UnitTests-Info.plist";
				PRODUCT_NAME = "$(TARGET_NAME)";
				SDKROOT = iphoneos;
				SKIP_INSTALL = YES;
				TEST_HOST = "$(BUNDLE_LOADER)";
				WRAPPER_EXTENSION = xctest;
			};
			name = Debug;
		};
		E69CDCBAB04BDEA43A157D1F /* Debug */ = {
			isa = XCBuildConfiguration;
			buildSettings = {
				ALWAYS_SEARCH_USER_PATHS = NO;
				ASSETCATALOG_COMPILER_APPICON_NAME = AppIcon;
				CLANG_CXX_LANGUAGE_STANDARD = "gnu++0x";
				CLANG_CXX_LIBRARY = "libc++";
				CLANG_ENABLE_MODULES = YES;
				CLANG_ENABLE_OBJC_ARC = YES;
				CLANG_WARN_BOOL_CONVERSION = YES;
				CLANG_WARN_CONSTANT_CONVERSION = YES;
				CLANG_WARN_DEPRECATED_OBJC_IMPLEMENTATIONS = YES;
				CLANG_WARN_DIRECT_OBJC_ISA_USAGE = YES;
				CLANG_WARN_EMPTY_BODY = YES;
				CLANG_WARN_ENUM_CONVERSION = YES;
				CLANG_WARN_IMPLICIT_SIGN_CONVERSION = YES;
				CLANG_WARN_INT_CONVERSION = YES;
				CLANG_WARN_OBJC_IMPLICIT_RETAIN_SELF = YES;
				CLANG_WARN_OBJC_ROOT_CLASS = YES;
				CLANG_WARN_SUSPICIOUS_IMPLICIT_CONVERSION = YES;
				"CODE_SIGN_IDENTITY[sdk=iphoneos*]" = "iPhone Developer";
				COPY_PHASE_STRIP = YES;
				GCC_C_LANGUAGE_STANDARD = gnu99;
				GCC_DYNAMIC_NO_PIC = NO;
				GCC_OPTIMIZATION_LEVEL = 0;
				GCC_PREPROCESSOR_DEFINITIONS = (
					"DEBUG=1",
					"$(inherited)",
				);
				GCC_SYMBOLS_PRIVATE_EXTERN = NO;
				GCC_WARN_64_TO_32_BIT_CONVERSION = YES;
				GCC_WARN_ABOUT_DEPRECATED_FUNCTIONS = YES;
				GCC_WARN_ABOUT_MISSING_FIELD_INITIALIZERS = YES;
				GCC_WARN_ABOUT_MISSING_NEWLINE = YES;
				GCC_WARN_ABOUT_RETURN_TYPE = YES;
				GCC_WARN_CHECK_SWITCH_STATEMENTS = YES;
				GCC_WARN_INITIALIZER_NOT_FULLY_BRACKETED = YES;
				GCC_WARN_MISSING_PARENTHESES = YES;
				GCC_WARN_SHADOW = YES;
				GCC_WARN_SIGN_COMPARE = YES;
				GCC_WARN_TYPECHECK_CALLS_TO_PRINTF = YES;
				GCC_WARN_UNDECLARED_SELECTOR = YES;
				GCC_WARN_UNINITIALIZED_AUTOS = YES;
				GCC_WARN_UNUSED_FUNCTION = YES;
				GCC_WARN_UNUSED_LABEL = YES;
				GCC_WARN_UNUSED_VALUE = YES;
				GCC_WARN_UNUSED_VARIABLE = YES;
				IPHONEOS_DEPLOYMENT_TARGET = 8.0;
				ONLY_ACTIVE_ARCH = YES;
				RUN_CLANG_STATIC_ANALYZER = YES;
				SDKROOT = iphoneos;
			};
			name = Debug;
		};
		E98E1A8B018AE5215C989576 /* Debug */ = {
			isa = XCBuildConfiguration;
			buildSettings = {
				ALWAYS_SEARCH_USER_PATHS = NO;
				COPY_PHASE_STRIP = NO;
				DSTROOT = /tmp/xcodeproj.dst;
				GCC_DYNAMIC_NO_PIC = NO;
				GCC_OPTIMIZATION_LEVEL = 0;
				GCC_PRECOMPILE_PREFIX_HEADER = YES;
				GCC_PREPROCESSOR_DEFINITIONS = (
					"DEBUG=1",
					"$(inherited)",
				);
				GCC_SYMBOLS_PRIVATE_EXTERN = NO;
				INFOPLIST_FILE = "formkeep-ios/Resources/Other-Sources/Info.plist";
				INSTALL_PATH = "$(BUILT_PRODUCTS_DIR)";
				LD_RUNPATH_SEARCH_PATHS = "$(inherited) @executable_path/Frameworks";
				PRODUCT_NAME = "$(TARGET_NAME)";
				PUBLIC_HEADERS_FOLDER_PATH = "$(TARGET_NAME)";
				SDKROOT = iphoneos;
			};
			name = Debug;
		};
		F635148309CFA6827D3295C6 /* Release */ = {
			isa = XCBuildConfiguration;
			buildSettings = {
				ALWAYS_SEARCH_USER_PATHS = NO;
				COPY_PHASE_STRIP = YES;
				DSTROOT = /tmp/xcodeproj.dst;
				GCC_PRECOMPILE_PREFIX_HEADER = YES;
				GCC_TREAT_WARNINGS_AS_ERRORS = YES;
				INFOPLIST_FILE = "formkeep-ios/Resources/Other-Sources/Info.plist";
				INSTALL_PATH = "$(BUILT_PRODUCTS_DIR)";
				LD_RUNPATH_SEARCH_PATHS = "$(inherited) @executable_path/Frameworks";
				OTHER_CFLAGS = (
					"-DNS_BLOCK_ASSERTIONS=1",
					"$(inherited)",
				);
				OTHER_CPLUSPLUSFLAGS = (
					"-DNS_BLOCK_ASSERTIONS=1",
					"$(inherited)",
				);
				PRODUCT_NAME = "$(TARGET_NAME)";
				PUBLIC_HEADERS_FOLDER_PATH = "$(TARGET_NAME)";
				SDKROOT = iphoneos;
				VALIDATE_PRODUCT = YES;
			};
			name = Release;
		};
/* End XCBuildConfiguration section */

/* Begin XCConfigurationList section */
		1089500A114F51F31285430B /* Build configuration list for PBXProject "formkeep-ios" */ = {
			isa = XCConfigurationList;
			buildConfigurations = (
				E69CDCBAB04BDEA43A157D1F /* Debug */,
				8F9F0BB7BB7BF6C67E47253C /* Release */,
			);
			defaultConfigurationIsVisible = 0;
			defaultConfigurationName = Release;
		};
		8F35E663535709517DF48186 /* Build configuration list for PBXNativeTarget "UnitTests" */ = {
			isa = XCConfigurationList;
			buildConfigurations = (
				69B931FFC43EFC19083FB8E2 /* Release */,
				BE08BAABCDC0AF81293AB3FD /* Debug */,
			);
			defaultConfigurationIsVisible = 0;
			defaultConfigurationName = Release;
		};
		F9E8C9574C179B599D186AFE /* Build configuration list for PBXNativeTarget "formkeep-ios" */ = {
			isa = XCConfigurationList;
			buildConfigurations = (
				F635148309CFA6827D3295C6 /* Release */,
				E98E1A8B018AE5215C989576 /* Debug */,
			);
			defaultConfigurationIsVisible = 0;
			defaultConfigurationName = Release;
		};
/* End XCConfigurationList section */
	};
	rootObject = 97CB879363D0F8E1FAA85AA9 /* Project object */;
}
